#MicroXplorer Configuration settings - do not modify
Dma.Request0=USART1_RX
Dma.RequestsNb=1
Dma.USART1_RX.0.Direction=DMA_PERIPH_TO_MEMORY
Dma.USART1_RX.0.Instance=DMA1_Channel5
Dma.USART1_RX.0.MemDataAlignment=DMA_MDATAALIGN_BYTE
Dma.USART1_RX.0.MemInc=DMA_MINC_ENABLE
Dma.USART1_RX.0.Mode=DMA_NORMAL
Dma.USART1_RX.0.PeriphDataAlignment=DMA_PDATAALIGN_BYTE
Dma.USART1_RX.0.PeriphInc=DMA_PINC_DISABLE
Dma.USART1_RX.0.Priority=DMA_PRIORITY_LOW
Dma.USART1_RX.0.RequestParameters=Instance,Direction,PeriphInc,MemInc,PeriphDataAlignment,MemDataAlignment,Mode,Priority
File.Version=6
KeepUserPlacement=false
Mcu.Family=STM32F1
Mcu.IP0=CRC
Mcu.IP1=DMA
Mcu.IP10=USART1
Mcu.IP11=USART3
Mcu.IP12=USB
Mcu.IP13=USB_DEVICE
Mcu.IP2=FATFS
Mcu.IP3=FSMC
Mcu.IP4=I2C1
Mcu.IP5=NVIC
Mcu.IP6=RCC
Mcu.IP7=SDIO
Mcu.IP8=SYS
Mcu.IP9=TIM1
Mcu.IPNb=14
Mcu.Name=STM32F103V(C-D-E)Tx
Mcu.Package=LQFP100
Mcu.Pin0=PE2
Mcu.Pin1=PE3
Mcu.Pin10=PC2
Mcu.Pin11=PC3
Mcu.Pin12=PA0-WKUP
Mcu.Pin13=PA1
Mcu.Pin14=PA2
Mcu.Pin15=PA3
Mcu.Pin16=PA4
Mcu.Pin17=PA5
Mcu.Pin18=PC4
Mcu.Pin19=PC5
Mcu.Pin2=PE4
Mcu.Pin20=PB0
Mcu.Pin21=PB1
Mcu.Pin22=PE7
Mcu.Pin23=PE8
Mcu.Pin24=PE9
Mcu.Pin25=PE10
Mcu.Pin26=PB10
Mcu.Pin27=PB11
Mcu.Pin28=PB12
Mcu.Pin29=PB13
Mcu.Pin3=PE5
Mcu.Pin30=PB14
Mcu.Pin31=PB15
Mcu.Pin32=PD8
Mcu.Pin33=PD9
Mcu.Pin34=PD11
Mcu.Pin35=PD12
Mcu.Pin36=PD14
Mcu.Pin37=PD15
Mcu.Pin38=PC6
Mcu.Pin39=PC8
Mcu.Pin4=PE6
Mcu.Pin40=PC9
Mcu.Pin41=PA8
Mcu.Pin42=PA9
Mcu.Pin43=PA10
Mcu.Pin44=PA11
Mcu.Pin45=PA12
Mcu.Pin46=PA13
Mcu.Pin47=PA14
Mcu.Pin48=PA15
Mcu.Pin49=PC10
Mcu.Pin5=PC13-TAMPER-RTC
Mcu.Pin50=PC11
Mcu.Pin51=PC12
Mcu.Pin52=PD0
Mcu.Pin53=PD1
Mcu.Pin54=PD2
Mcu.Pin55=PD4
Mcu.Pin56=PD5
Mcu.Pin57=PD7
Mcu.Pin58=PB3
Mcu.Pin59=PB4
Mcu.Pin6=OSC_IN
Mcu.Pin60=PB5
Mcu.Pin61=PB8
Mcu.Pin62=PB9
Mcu.Pin63=PE0
Mcu.Pin64=PE1
Mcu.Pin65=VP_CRC_VS_CRC
Mcu.Pin66=VP_FATFS_VS_SDIO
Mcu.Pin67=VP_SYS_VS_Systick
Mcu.Pin68=VP_USB_DEVICE_VS_USB_DEVICE_CDC_FS
Mcu.Pin7=OSC_OUT
Mcu.Pin8=PC0
Mcu.Pin9=PC1
Mcu.PinsNb=69
Mcu.UserConstants=
Mcu.UserName=STM32F103VCTx
MxCube.Version=4.15.1
MxDb.Version=DB.4.0.151
NVIC.BusFault_IRQn=true\:0\:0\:false\:false\:true
NVIC.DMA1_Channel5_IRQn=true\:0\:0\:false\:true\:true\:1
NVIC.DebugMonitor_IRQn=true\:0\:0\:false\:false\:true
NVIC.HardFault_IRQn=true\:0\:0\:false\:false\:true
NVIC.MemoryManagement_IRQn=true\:0\:0\:false\:false\:true
NVIC.NonMaskableInt_IRQn=true\:0\:0\:false\:false\:true
NVIC.PendSV_IRQn=true\:0\:0\:false\:false\:false
NVIC.PriorityGroup=NVIC_PRIORITYGROUP_4
NVIC.SDIO_IRQn=true\:1\:0\:true\:true\:true\:4
NVIC.SVCall_IRQn=true\:0\:0\:false\:false\:false
NVIC.SysTick_IRQn=true\:0\:0\:false\:false\:true
NVIC.USART1_IRQn=true\:3\:0\:true\:true\:true\:2
NVIC.USART3_IRQn=true\:2\:0\:true\:true\:true\:3
NVIC.USB_LP_CAN1_RX0_IRQn=true\:0\:0\:false\:true\:true\:5
NVIC.UsageFault_IRQn=true\:0\:0\:false\:false\:true
OSC_IN.Mode=HSE-External-Oscillator
OSC_IN.Signal=RCC_OSC_IN
OSC_OUT.Mode=HSE-External-Oscillator
OSC_OUT.Signal=RCC_OSC_OUT
PA0-WKUP.Locked=true
PA0-WKUP.Signal=GPIO_Output
PA1.Locked=true
PA1.Signal=GPIO_Output
PA10.Mode=Asynchronous
PA10.Signal=USART1_RX
PA11.Mode=Device
PA11.Signal=USB_DM
PA12.Mode=Device
PA12.Signal=USB_DP
PA13.Mode=JTAG_5_pins
PA13.Signal=SYS_JTMS-SWDIO
PA14.Mode=JTAG_5_pins
PA14.Signal=SYS_JTCK-SWCLK
PA15.Mode=JTAG_5_pins
PA15.Signal=SYS_JTDI
PA2.Locked=true
PA2.Signal=GPIO_Output
PA3.Locked=true
PA3.Signal=GPIO_Output
PA4.Locked=true
PA4.Signal=GPIO_Output
PA5.Locked=true
PA5.Signal=GPIO_Output
PA8.Signal=S_TIM1_CH1
PA9.Mode=Asynchronous
PA9.Signal=USART1_TX
PB0.Locked=true
PB0.Signal=GPIO_Output
PB1.Locked=true
PB1.Signal=GPIO_Output
PB10.Locked=true
PB10.Signal=GPIO_Output
PB11.Locked=true
PB11.Signal=GPIO_Output
PB12.Locked=true
PB12.Signal=GPIO_Output
PB13.Locked=true
PB13.Signal=GPIO_Output
PB14.Locked=true
PB14.Signal=GPIO_Output
PB15.Locked=true
PB15.Signal=GPIO_Output
PB3.Mode=JTAG_5_pins
PB3.Signal=SYS_JTDO-TRACESWO
PB4.Mode=JTAG_5_pins
PB4.Signal=SYS_NJTRST
PB5.Locked=true
PB5.Signal=GPIO_Output
PB8.Locked=true
PB8.Mode=I2C
PB8.Signal=I2C1_SCL
PB9.Locked=true
PB9.Mode=I2C
PB9.Signal=I2C1_SDA
PC0.Locked=true
PC0.Signal=GPIO_Output
PC1.Locked=true
PC1.Signal=GPIO_Output
PC10.Mode=SD_4_bits_Wide_bus
PC10.Signal=SDIO_D2
PC11.Mode=SD_4_bits_Wide_bus
PC11.Signal=SDIO_D3
PC12.Mode=SD_4_bits_Wide_bus
PC12.Signal=SDIO_CK
PC13-TAMPER-RTC.GPIOParameters=PinState,GPIO_Label
PC13-TAMPER-RTC.GPIO_Label=USB pull up
PC13-TAMPER-RTC.Locked=true
PC13-TAMPER-RTC.PinState=GPIO_PIN_SET
PC13-TAMPER-RTC.Signal=GPIO_Output
PC2.Locked=true
PC2.Signal=GPIO_Output
PC3.Locked=true
PC3.Signal=GPIO_Output
PC4.Locked=true
PC4.Signal=GPIO_Output
PC5.Locked=true
PC5.Signal=GPIO_Output
PC6.Locked=true
PC6.Signal=GPIO_Output
PC8.Mode=SD_4_bits_Wide_bus
PC8.Signal=SDIO_D0
PC9.Mode=SD_4_bits_Wide_bus
PC9.Signal=SDIO_D1
PCC.Checker=false
PCC.Line=STM32F103
PCC.MCU=STM32F103V(C-D-E)Tx
PCC.MXVersion=4.15.1
PCC.PartNumber=STM32F103VCTx
PCC.Seq0=0
PCC.Series=STM32F1
PCC.Temperature=25
PCC.Vdd=3.3
PD0.Mode=8b-d1
PD0.Signal=FSMC_D2
PD1.Mode=8b-d1
PD1.Signal=FSMC_D3
PD11.Mode=A16_1
PD11.Signal=FSMC_A16
PD12.Locked=true
PD12.Signal=GPIO_Output
PD14.Mode=8b-d1
PD14.Signal=FSMC_D0
PD15.Mode=8b-d1
PD15.Signal=FSMC_D1
PD2.Mode=SD_4_bits_Wide_bus
PD2.Signal=SDIO_CMD
PD4.Mode=Lcd1
PD4.Signal=FSMC_NOE
PD5.Mode=Lcd1
PD5.Signal=FSMC_NWE
PD7.Mode=NorPsramChipSelect1_1
PD7.Signal=FSMC_NE1
PD8.Mode=Asynchronous
PD8.Signal=USART3_TX
PD9.Mode=Asynchronous
PD9.Signal=USART3_RX
PE0.Locked=true
PE0.Signal=GPIO_Output
PE1.GPIOParameters=GPIO_PuPd
PE1.GPIO_PuPd=GPIO_PULLUP
PE1.Locked=true
PE1.Signal=GPIO_Input
PE10.Mode=8b-d1
PE10.Signal=FSMC_D7
PE2.GPIOParameters=GPIO_Speed
PE2.GPIO_Speed=GPIO_SPEED_FREQ_MEDIUM
PE2.Locked=true
PE2.Signal=GPIO_Output
PE3.GPIOParameters=GPIO_Speed
PE3.GPIO_Speed=GPIO_SPEED_FREQ_MEDIUM
PE3.Locked=true
PE3.Signal=GPIO_Output
PE4.Locked=true
PE4.Signal=GPIO_Output
PE5.Locked=true
PE5.Signal=GPIO_Output
PE6.Locked=true
PE6.Signal=GPIO_Output
PE7.Mode=8b-d1
PE7.Signal=FSMC_D4
PE8.Mode=8b-d1
PE8.Signal=FSMC_D5
PE9.Mode=8b-d1
PE9.Signal=FSMC_D6
ProjectManager.AskForMigrate=true
ProjectManager.BackupPrevious=false
ProjectManager.CompilerOptimize=2
ProjectManager.ComputerToolchain=false
ProjectManager.CoupleFile=true
ProjectManager.DeletePrevious=true
ProjectManager.DeviceId=STM32F103VCTx
ProjectManager.FirmwarePackage=STM32Cube FW_F1 V1.4.0
ProjectManager.FreePins=false
ProjectManager.HalAssertFull=false
ProjectManager.HeapSize=0x200
ProjectManager.KeepUserCode=true
ProjectManager.LastFirmware=true
ProjectManager.LibraryCopy=0
ProjectManager.PreviousToolchain=
ProjectManager.ProjectBuild=false
ProjectManager.ProjectFileName=CsSlave.ioc
ProjectManager.ProjectName=CsSlave
ProjectManager.StackSize=0x400
ProjectManager.TargetToolchain=MDK-ARM V5
ProjectManager.ToolChainLocation=E\:\\CoolSaven\\CsSlave\\CsSlave_App
ProjectManager.UnderRoot=false
ProjectManager.functionlistsort=1-MX_GPIO_Init-GPIO-false,2-MX_DMA_Init-DMA-false,3-MX_CRC_Init-CRC-false,4-MX_FSMC_Init-FSMC-false,5-MX_SDIO_SD_Init-SDIO-false,6-MX_TIM1_Init-TIM1-false,7-MX_USART1_UART_Init-USART1-false,8-MX_USART3_UART_Init-USART3-false,9-MX_FATFS_Init-FATFS-false,10-MX_I2C1_Init-I2C1-false,11-MX_USB_DEVICE_Init-USB_DEVICE-false
RCC.ADCFreqValue=36000000
RCC.AHBFreq_Value=72000000
RCC.APB1CLKDivider=RCC_HCLK_DIV2
RCC.APB1Freq_Value=36000000
RCC.APB1TimFreq_Value=72000000
RCC.APB2Freq_Value=72000000
RCC.APB2TimFreq_Value=72000000
RCC.FCLKCortexFreq_Value=72000000
RCC.FSMCFreq_Value=72000000
RCC.FamilyName=M
RCC.HCLKFreq_Value=72000000
RCC.HSIState=RCC_HSI_ON
RCC.I2S2Freq_Value=72000000
RCC.I2S3Freq_Value=72000000
RCC.IPParameters=ADCFreqValue,AHBFreq_Value,APB1CLKDivider,APB1Freq_Value,APB1TimFreq_Value,APB2Freq_Value,APB2TimFreq_Value,FCLKCortexFreq_Value,FSMCFreq_Value,FamilyName,HCLKFreq_Value,HSIState,I2S2Freq_Value,I2S3Freq_Value,MCOFreq_Value,PLLCLKFreq_Value,PLLMCOFreq_Value,PLLMUL,SDIOFreq_Value,SDIOHCLKDiv2FreqValue,SYSCLKFreq_VALUE,SYSCLKSource,TimSysFreq_Value,USBFreq_Value,USBPrescaler,VCOOutput2Freq_Value
RCC.MCOFreq_Value=72000000
RCC.PLLCLKFreq_Value=72000000
RCC.PLLMCOFreq_Value=36000000
RCC.PLLMUL=RCC_PLL_MUL9
RCC.SDIOFreq_Value=72000000
RCC.SDIOHCLKDiv2FreqValue=36000000
RCC.SYSCLKFreq_VALUE=72000000
RCC.SYSCLKSource=RCC_SYSCLKSOURCE_PLLCLK
RCC.TimSysFreq_Value=72000000
RCC.USBFreq_Value=48000000
RCC.USBPrescaler=RCC_USBCLKSOURCE_PLL_DIV1_5
RCC.VCOOutput2Freq_Value=8000000
SDIO.BusWide=SDIO_BUS_WIDE_1B
SDIO.ClockDiv=2
SDIO.IPParameters=BusWide,WideMode,ClockDiv
SDIO.WideMode=SDIO_BUS_WIDE_4B
SH.S_TIM1_CH1.0=TIM1_CH1,Output Compare1 CH1
SH.S_TIM1_CH1.ConfNb=1
USB_DEVICE.CLASS_NAME_FS=CDC
USB_DEVICE.IPParameters=VirtualMode,VirtualModeFS,USBD_HandleTypeDef,CLASS_NAME_FS,MANUFACTURER_STRING,PRODUCT_STRING_CDC_FS
USB_DEVICE.MANUFACTURER_STRING=CoolSaven
USB_DEVICE.PRODUCT_STRING_CDC_FS=CoolSaven Virtual ComPort
USB_DEVICE.USBD_HandleTypeDef=hUsbDeviceFS
USB_DEVICE.VirtualMode=Cdc
USB_DEVICE.VirtualModeFS=Cdc_FS
VP_CRC_VS_CRC.Mode=CRC_Activate
VP_CRC_VS_CRC.Signal=CRC_VS_CRC
VP_FATFS_VS_SDIO.Mode=SDIO
VP_FATFS_VS_SDIO.Signal=FATFS_VS_SDIO
VP_SYS_VS_Systick.Mode=SysTick
VP_SYS_VS_Systick.Signal=SYS_VS_Systick
VP_USB_DEVICE_VS_USB_DEVICE_CDC_FS.Mode=CDC_FS
VP_USB_DEVICE_VS_USB_DEVICE_CDC_FS.Signal=USB_DEVICE_VS_USB_DEVICE_CDC_FS
board=CsSlave
